
Microsoft Visual Studio Solution File, Format Version 12.00
# Visual Studio Version 17
VisualStudioVersion = 17.5.33424.131
MinimumVisualStudioVersion = 10.0.40219.1
Project("{FAE04EC0-301F-11D3-BF4B-00C04F79EFBC}") = "WindowsAPI_Business_User_Informations", "WindowsAPI_Business_User_Informations\WindowsAPI_Business_User_Informations.csproj", "{0F36976C-9E0C-47B7-8D1C-B53952CBFF2A}"
EndProject
Global
	GlobalSection(SolutionConfigurationPlatforms) = preSolution
		Debug|Any CPU = Debug|Any CPU
		Release|Any CPU = Release|Any CPU
	EndGlobalSection
	GlobalSection(ProjectConfigurationPlatforms) = postSolution
		{0F36976C-9E0C-47B7-8D1C-B53952CBFF2A}.Debug|Any CPU.ActiveCfg = Debug|Any CPU
		{0F36976C-9E0C-47B7-8D1C-B53952CBFF2A}.Debug|Any CPU.Build.0 = Debug|Any CPU
		{0F36976C-9E0C-47B7-8D1C-B53952CBFF2A}.Release|Any CPU.ActiveCfg = Release|Any CPU
		{0F36976C-9E0C-47B7-8D1C-B53952CBFF2A}.Release|Any CPU.Build.0 = Release|Any CPU
	EndGlobalSection
	GlobalSection(SolutionProperties) = preSolution
		HideSolutionNode = FALSE
	EndGlobalSection
	GlobalSection(ExtensibilityGlobals) = postSolution
		SolutionGuid = {B088E688-C6CB-4150-96D7-4F881C41AFF1}
	EndGlobalSection
EndGlobal
